
Microsoft Visual Studio Solution File, Format Version 12.00
# Visual Studio 15
VisualStudioVersion = 15.0.27703.2018
MinimumVisualStudioVersion = 10.0.40219.1
Project("{FAE04EC0-301F-11D3-BF4B-00C04F79EFBC}") = "Textil.Web", "Textil.Web\Textil.Web.csproj", "{9BAC35D1-685E-451B-8C00-7F84D10529AF}"
EndProject
Global
	GlobalSection(SolutionConfigurationPlatforms) = preSolution
		Debug|Any CPU = Debug|Any CPU
		Release|Any CPU = Release|Any CPU
	EndGlobalSection
	GlobalSection(ProjectConfigurationPlatforms) = postSolution
		{9BAC35D1-685E-451B-8C00-7F84D10529AF}.Debug|Any CPU.ActiveCfg = Debug|Any CPU
		{9BAC35D1-685E-451B-8C00-7F84D10529AF}.Debug|Any CPU.Build.0 = Debug|Any CPU
		{9BAC35D1-685E-451B-8C00-7F84D10529AF}.Release|Any CPU.ActiveCfg = Release|Any CPU
		{9BAC35D1-685E-451B-8C00-7F84D10529AF}.Release|Any CPU.Build.0 = Release|Any CPU
	EndGlobalSection
	GlobalSection(SolutionProperties) = preSolution
		HideSolutionNode = FALSE
	EndGlobalSection
	GlobalSection(ExtensibilityGlobals) = postSolution
		SolutionGuid = {05869DB5-4550-42FF-A88E-B1E234AD01C4}
	EndGlobalSection
EndGlobal
